
Microsoft Visual Studio Solution File, Format Version 12.00
# Visual Studio Version 17
VisualStudioVersion = 17.4.33213.308
MinimumVisualStudioVersion = 10.0.40219.1
Project("{FAE04EC0-301F-11D3-BF4B-00C04F79EFBC}") = "testChani", "testChani\testChani.csproj", "{F563ECF8-C269-4E73-8519-01972770311F}"
EndProject
Global
	GlobalSection(SolutionConfigurationPlatforms) = preSolution
		Debug|Any CPU = Debug|Any CPU
		Release|Any CPU = Release|Any CPU
	EndGlobalSection
	GlobalSection(ProjectConfigurationPlatforms) = postSolution
		{F563ECF8-C269-4E73-8519-01972770311F}.Debug|Any CPU.ActiveCfg = Debug|Any CPU
		{F563ECF8-C269-4E73-8519-01972770311F}.Debug|Any CPU.Build.0 = Debug|Any CPU
		{F563ECF8-C269-4E73-8519-01972770311F}.Release|Any CPU.ActiveCfg = Release|Any CPU
		{F563ECF8-C269-4E73-8519-01972770311F}.Release|Any CPU.Build.0 = Release|Any CPU
	EndGlobalSection
	GlobalSection(SolutionProperties) = preSolution
		HideSolutionNode = FALSE
	EndGlobalSection
	GlobalSection(ExtensibilityGlobals) = postSolution
		SolutionGuid = {1301CD31-3074-4770-BDE2-985708E92D61}
	EndGlobalSection
EndGlobal
